// !$*UTF8*$!
{
	archiveVersion = 1;
	classes = {
	};
	objectVersion = 46;
	objects = {

/* Begin PBXBuildFile section */
		D802168D1CC67BA600113292 /* AppDelegate.swift in Sources */ = {isa = PBXBuildFile; fileRef = D802168C1CC67BA600113292 /* AppDelegate.swift */; };
		D802168F1CC67BA600113292 /* ViewController.swift in Sources */ = {isa = PBXBuildFile; fileRef = D802168E1CC67BA600113292 /* ViewController.swift */; };
		D80216921CC67BA600113292 /* Main.storyboard in Resources */ = {isa = PBXBuildFile; fileRef = D80216901CC67BA600113292 /* Main.storyboard */; };
		D80216941CC67BA600113292 /* Assets.xcassets in Resources */ = {isa = PBXBuildFile; fileRef = D80216931CC67BA600113292 /* Assets.xcassets */; };
		D80216971CC67BA600113292 /* LaunchScreen.storyboard in Resources */ = {isa = PBXBuildFile; fileRef = D80216951CC67BA600113292 /* LaunchScreen.storyboard */; };
		D80216A01CC67BFE00113292 /* Book.swift in Sources */ = {isa = PBXBuildFile; fileRef = D802169E1CC67BFE00113292 /* Book.swift */; };
		D80216A11CC67BFE00113292 /* BookManager.swift in Sources */ = {isa = PBXBuildFile; fileRef = D802169F1CC67BFE00113292 /* BookManager.swift */; };
/* End PBXBuildFile section */

/* Begin PBXFileReference section */
		D80216891CC67BA600113292 /* VisualBookManager.app */ = {isa = PBXFileReference; explicitFileType = wrapper.application; includeInIndex = 0; path = VisualBookManager.app; sourceTree = BUILT_PRODUCTS_DIR; };
		D802168C1CC67BA600113292 /* AppDelegate.swift */ = {isa = PBXFileReference; lastKnownFileType = sourcecode.swift; path = AppDelegate.swift; sourceTree = "<group>"; };
		D802168E1CC67BA600113292 /* ViewController.swift */ = {isa = PBXFileReference; lastKnownFileType = sourcecode.swift; path = ViewController.swift; sourceTree = "<group>"; };
		D80216911CC67BA600113292 /* Base */ = {isa = PBXFileReference; lastKnownFileType = file.storyboard; name = Base; path = Base.lproj/Main.storyboard; sourceTree = "<group>"; };
		D80216931CC67BA600113292 /* Assets.xcassets */ = {isa = PBXFileReference; lastKnownFileType = folder.assetcatalog; path = Assets.xcassets; sourceTree = "<group>"; };
		D80216961CC67BA600113292 /* Base */ = {isa = PBXFileReference; lastKnownFileType = file.storyboard; name = Base; path = Base.lproj/LaunchScreen.storyboard; sourceTree = "<group>"; };
		D80216981CC67BA600113292 /* Info.plist */ = {isa = PBXFileReference; lastKnownFileType = text.plist.xml; path = Info.plist; sourceTree = "<group>"; };
		D802169E1CC67BFE00113292 /* Book.swift */ = {isa = PBXFileReference; fileEncoding = 4; lastKnownFileType = sourcecode.swift; path = Book.swift; sourceTree = "<group>"; };
		D802169F1CC67BFE00113292 /* BookManager.swift */ = {isa = PBXFileReference; fileEncoding = 4; lastKnownFileType = sourcecode.swift; path = BookManager.swift; sourceTree = "<group>"; };
/* End PBXFileReference section */

/* Begin PBXFrameworksBuildPhase section */
		D80216861CC67BA600113292 /* Frameworks */ = {
			isa = PBXFrameworksBuildPhase;
			buildActionMask = 2147483647;
			files = (
			);
			runOnlyForDeploymentPostprocessing = 0;
		};
/* End PBXFrameworksBuildPhase section */

/* Begin PBXGroup section */
		D80216801CC67BA600113292 = {
			isa = PBXGroup;
			children = (
				D802168B1CC67BA600113292 /* VisualBookManager */,
				D802168A1CC67BA600113292 /* Products */,
			);
			sourceTree = "<group>";
		};
		D802168A1CC67BA600113292 /* Products */ = {
			isa = PBXGroup;
			children = (
				D80216891CC67BA600113292 /* VisualBookManager.app */,
			);
			name = Products;
			sourceTree = "<group>";
		};
		D802168B1CC67BA600113292 /* VisualBookManager */ = {
			isa = PBXGroup;
			children = (
				D802169E1CC67BFE00113292 /* Book.swift */,
				D802169F1CC67BFE00113292 /* BookManager.swift */,
				D802168C1CC67BA600113292 /* AppDelegate.swift */,
				D802168E1CC67BA600113292 /* ViewController.swift */,
				D80216901CC67BA600113292 /* Main.storyboard */,
				D80216931CC67BA600113292 /* Assets.xcassets */,
				D80216951CC67BA600113292 /* LaunchScreen.storyboard */,
				D80216981CC67BA600113292 /* Info.plist */,
			);
			path = VisualBookManager;
			sourceTree = "<group>";
		};
/* End PBXGroup section */

/* Begin PBXNativeTarget section */
		D80216881CC67BA600113292 /* VisualBookManager */ = {
			isa = PBXNativeTarget;
			buildConfigurationList = D802169B1CC67BA600113292 /* Build configuration list for PBXNativeTarget "VisualBookManager" */;
			buildPhases = (
				D80216851CC67BA600113292 /* Sources */,
				D80216861CC67BA600113292 /* Frameworks */,
				D80216871CC67BA600113292 /* Resources */,
			);
			buildRules = (
			);
			dependencies = (
			);
			name = VisualBookManager;
			productName = VisualBookManager;
			productReference = D80216891CC67BA600113292 /* VisualBookManager.app */;
			productType = "com.apple.product-type.application";
		};
/* End PBXNativeTarget section */

/* Begin PBXProject section */
		D80216811CC67BA600113292 /* Project object */ = {
			isa = PBXProject;
			attributes = {
				LastSwiftUpdateCheck = 0730;
				LastUpgradeCheck = 0730;
				ORGANIZATIONNAME = "Hyung Jun Jun";
				TargetAttributes = {
					D80216881CC67BA600113292 = {
						CreatedOnToolsVersion = 7.3;
						DevelopmentTeam = U7W85Z46G7;
					};
				};
			};
			buildConfigurationList = D80216841CC67BA600113292 /* Build configuration list for PBXProject "VisualBookManager" */;
			compatibilityVersion = "Xcode 3.2";
			developmentRegion = English;
			hasScannedForEncodings = 0;
			knownRegions = (
				en,
				Base,
			);
			mainGroup = D80216801CC67BA600113292;
			productRefGroup = D802168A1CC67BA600113292 /* Products */;
			projectDirPath = "";
			projectRoot = "";
			targets = (
				D80216881CC67BA600113292 /* VisualBookManager */,
			);
		};
/* End PBXProject section */

/* Begin PBXResourcesBuildPhase section */
		D80216871CC67BA600113292 /* Resources */ = {
			isa = PBXResourcesBuildPhase;
			buildActionMask = 2147483647;
			files = (
				D80216971CC67BA600113292 /* LaunchScreen.storyboard in Resources */,
				D80216941CC67BA600113292 /* Assets.xcassets in Resources */,
				D80216921CC67BA600113292 /* Main.storyboard in Resources */,
			);
			runOnlyForDeploymentPostprocessing = 0;
		};
/* End PBXResourcesBuildPhase section */

/* Begin PBXSourcesBuildPhase section */
		D80216851CC67BA600113292 /* Sources */ = {
			isa = PBXSourcesBuildPhase;
			buildActionMask = 2147483647;
			files = (
				D802168F1CC67BA600113292 /* ViewController.swift in Sources */,
				D802168D1CC67BA600113292 /* AppDelegate.swift in Sources */,
				D80216A11CC67BFE00113292 /* BookManager.swift in Sources */,
				D80216A01CC67BFE00113292 /* Book.swift in Sources */,
			);
			runOnlyForDeploymentPostprocessing = 0;
		};
/* End PBXSourcesBuildPhase section */

/* Begin PBXVariantGroup section */
		D80216901CC67BA600113292 /* Main.storyboard */ = {
			isa = PBXVariantGroup;
			children = (
				D80216911CC67BA600113292 /* Base */,
			);
			name = Main.storyboard;
			sourceTree = "<group>";
		};
		D80216951CC67BA600113292 /* LaunchScreen.storyboard */ = {
			isa = PBXVariantGroup;
			children = (
				D80216961CC67BA600113292 /* Base */,
			);
			name = LaunchScreen.storyboard;
			sourceTree = "<group>";
		};
/* End PBXVariantGroup section */

/* Begin XCBuildConfiguration section */
		D80216991CC67BA600113292 /* Debug */ = {
			isa = XCBuildConfiguration;
			buildSettings = {
				ALWAYS_SEARCH_USER_PATHS = NO;
				CLANG_ANALYZER_NONNULL = YES;
				CLANG_CXX_LANGUAGE_STANDARD = "gnu++0x";
				CLANG_CXX_LIBRARY = "libc++";
				CLANG_ENABLE_MODULES = YES;
				CLANG_ENABLE_OBJC_ARC = YES;
				CLANG_WARN_BOOL_CONVERSION = YES;
				CLANG_WARN_CONSTANT_CONVERSION = YES;
				CLANG_WARN_DIRECT_OBJC_ISA_USAGE = YES_ERROR;
				CLANG_WARN_EMPTY_BODY = YES;
				CLANG_WARN_ENUM_CONVERSION = YES;
				CLANG_WARN_INT_CONVERSION = YES;
				CLANG_WARN_OBJC_ROOT_CLASS = YES_ERROR;
				CLANG_WARN_UNREACHABLE_CODE = YES;
				CLANG_WARN__DUPLICATE_METHOD_MATCH = YES;
				"CODE_SIGN_IDENTITY[sdk=iphoneos*]" = "iPhone Developer";
				COPY_PHASE_STRIP = NO;
				DEBUG_INFORMATION_FORMAT = dwarf;
				ENABLE_STRICT_OBJC_MSGSEND = YES;
				ENABLE_TESTABILITY = YES;
				GCC_C_LANGUAGE_STANDARD = gnu99;
				GCC_DYNAMIC_NO_PIC = NO;
				GCC_NO_COMMON_BLOCKS = YES;
				GCC_OPTIMIZATION_LEVEL = 0;
				GCC_PREPROCESSOR_DEFINITIONS = (
					"DEBUG=1",
					"$(inherited)",
				);
				GCC_WARN_64_TO_32_BIT_CONVERSION = YES;
				GCC_WARN_ABOUT_RETURN_TYPE = YES_ERROR;
				GCC_WARN_UNDECLARED_SELECTOR = YES;
				GCC_WARN_UNINITIALIZED_AUTOS = YES_AGGRESSIVE;
				GCC_WARN_UNUSED_FUNCTION = YES;
				GCC_WARN_UNUSED_VARIABLE = YES;
				IPHONEOS_DEPLOYMENT_TARGET = 9.3;
				MTL_ENABLE_DEBUG_INFO = YES;
				ONLY_ACTIVE_ARCH = YES;
				SDKROOT = iphoneos;
				SWIFT_OPTIMIZATION_LEVEL = "-Onone";
			};
			name = Debug;
		};
		D802169A1CC67BA600113292 /* Release */ = {
			isa = XCBuildConfiguration;
			buildSettings = {
				ALWAYS_SEARCH_USER_PATHS = NO;
				CLANG_ANALYZER_NONNULL = YES;
				CLANG_CXX_LANGUAGE_STANDARD = "gnu++0x";
				CLANG_CXX_LIBRARY = "libc++";
				CLANG_ENABLE_MODULES = YES;
				CLANG_ENABLE_OBJC_ARC = YES;
				CLANG_WARN_BOOL_CONVERSION = YES;
				CLANG_WARN_CONSTANT_CONVERSION = YES;
				CLANG_WARN_DIRECT_OBJC_ISA_USAGE = YES_ERROR;
				CLANG_WARN_EMPTY_BODY = YES;
				CLANG_WARN_ENUM_CONVERSION = YES;
				CLANG_WARN_INT_CONVERSION = YES;
				CLANG_WARN_OBJC_ROOT_CLASS = YES_ERROR;
				CLANG_WARN_UNREACHABLE_CODE = YES;
				CLANG_WARN__DUPLICATE_METHOD_MATCH = YES;
				"CODE_SIGN_IDENTITY[sdk=iphoneos*]" = "iPhone Developer";
				COPY_PHASE_STRIP = NO;
				DEBUG_INFORMATION_FORMAT = "dwarf-with-dsym";
				ENABLE_NS_ASSERTIONS = NO;
				ENABLE_STRICT_OBJC_MSGSEND = YES;
				GCC_C_LANGUAGE_STANDARD = gnu99;
				GCC_NO_COMMON_BLOCKS = YES;
				GCC_WARN_64_TO_32_BIT_CONVERSION = YES;
				GCC_WARN_ABOUT_RETURN_TYPE = YES_ERROR;
				GCC_WARN_UNDECLARED_SELECTOR = YES;
				GCC_WARN_UNINITIALIZED_AUTOS = YES_AGGRESSIVE;
				GCC_WARN_UNUSED_FUNCTION = YES;
				GCC_WARN_UNUSED_VARIABLE = YES;
				IPHONEOS_DEPLOYMENT_TARGET = 9.3;
				MTL_ENABLE_DEBUG_INFO = NO;
				SDKROOT = iphoneos;
				VALIDATE_PRODUCT = YES;
			};
			name = Release;
		};
		D802169C1CC67BA600113292 /* Debug */ = {
			isa = XCBuildConfiguration;
			buildSettings = {
				ASSETCATALOG_COMPILER_APPICON_NAME = AppIcon;
				CODE_SIGN_IDENTITY = "iPhone Developer";
				"CODE_SIGN_IDENTITY[sdk=iphoneos*]" = "iPhone Developer";
				INFOPLIST_FILE = VisualBookManager/Info.plist;
				LD_RUNPATH_SEARCH_PATHS = "$(inherited) @executable_path/Frameworks";
				PRODUCT_BUNDLE_IDENTIFIER = com.hyungjin.VisualBookManager;
				PRODUCT_NAME = "$(TARGET_NAME)";
				PROVISIONING_PROFILE = "";
				TARGETED_DEVICE_FAMILY = 1;
			};
			name = Debug;
		};
		D802169D1CC67BA600113292 /* Release */ = {
			isa = XCBuildConfiguration;
			buildSettings = {
				ASSETCATALOG_COMPILER_APPICON_NAME = AppIcon;
				CODE_SIGN_IDENTITY = "iPhone Developer";
				"CODE_SIGN_IDENTITY[sdk=iphoneos*]" = "iPhone Developer";
				INFOPLIST_FILE = VisualBookManager/Info.plist;
				LD_RUNPATH_SEARCH_PATHS = "$(inherited) @executable_path/Frameworks";
				PRODUCT_BUNDLE_IDENTIFIER = com.hyungjin.VisualBookManager;
				PRODUCT_NAME = "$(TARGET_NAME)";
				PROVISIONING_PROFILE = "";
				TARGETED_DEVICE_FAMILY = 1;
			};
			name = Release;
		};
/* End XCBuildConfiguration section */

/* Begin XCConfigurationList section */
		D80216841CC67BA600113292 /* Build configuration list for PBXProject "VisualBookManager" */ = {
			isa = XCConfigurationList;
			buildConfigurations = (
				D80216991CC67BA600113292 /* Debug */,
				D802169A1CC67BA600113292 /* Release */,
			);
			defaultConfigurationIsVisible = 0;
			defaultConfigurationName = Release;
		};
		D802169B1CC67BA600113292 /* Build configuration list for PBXNativeTarget "VisualBookManager" */ = {
			isa = XCConfigurationList;
			buildConfigurations = (
				D802169C1CC67BA600113292 /* Debug */,
				D802169D1CC67BA600113292 /* Release */,
			);
			defaultConfigurationIsVisible = 0;
			defaultConfigurationName = Release;
		};
/* End XCConfigurationList section */
	};
	rootObject = D80216811CC67BA600113292 /* Project object */;
}
